// !$*UTF8*$!
{
	archiveVersion = 1;
	classes = {
	};
	objectVersion = 50;
	objects = {

/* Begin PBXBuildFile section */
		93AD94CB2423D809002BB04F /* MKPointAnnotation-ObservableObject.swift in Sources */ = {isa = PBXBuildFile; fileRef = 93AD94CA2423D809002BB04F /* MKPointAnnotation-ObservableObject.swift */; };
		93AD94CD2423D89C002BB04F /* EditView.swift in Sources */ = {isa = PBXBuildFile; fileRef = 93AD94CC2423D89C002BB04F /* EditView.swift */; };
		93AD94CF2423DA2A002BB04F /* Result.swift in Sources */ = {isa = PBXBuildFile; fileRef = 93AD94CE2423DA2A002BB04F /* Result.swift */; };
		93AD94D12423DDA1002BB04F /*  MKPointAnnotation-Codable.swift in Sources */ = {isa = PBXBuildFile; fileRef = 93AD94D02423DDA1002BB04F /*  MKPointAnnotation-Codable.swift */; };
		93E6273B2422B41F008247B8 /* AppDelegate.swift in Sources */ = {isa = PBXBuildFile; fileRef = 93E6273A2422B41F008247B8 /* AppDelegate.swift */; };
		93E6273D2422B41F008247B8 /* SceneDelegate.swift in Sources */ = {isa = PBXBuildFile; fileRef = 93E6273C2422B41F008247B8 /* SceneDelegate.swift */; };
		93E6273F2422B41F008247B8 /* ContentView.swift in Sources */ = {isa = PBXBuildFile; fileRef = 93E6273E2422B41F008247B8 /* ContentView.swift */; };
		93E627412422B423008247B8 /* Assets.xcassets in Resources */ = {isa = PBXBuildFile; fileRef = 93E627402422B423008247B8 /* Assets.xcassets */; };
		93E627442422B423008247B8 /* Preview Assets.xcassets in Resources */ = {isa = PBXBuildFile; fileRef = 93E627432422B423008247B8 /* Preview Assets.xcassets */; };
		93E627472422B423008247B8 /* LaunchScreen.storyboard in Resources */ = {isa = PBXBuildFile; fileRef = 93E627452422B423008247B8 /* LaunchScreen.storyboard */; };
		93E6274F2422CD74008247B8 /* MapView.swift in Sources */ = {isa = PBXBuildFile; fileRef = 93E6274E2422CD74008247B8 /* MapView.swift */; };
/* End PBXBuildFile section */

/* Begin PBXFileReference section */
		93AD94CA2423D809002BB04F /* MKPointAnnotation-ObservableObject.swift */ = {isa = PBXFileReference; lastKnownFileType = sourcecode.swift; path = "MKPointAnnotation-ObservableObject.swift"; sourceTree = "<group>"; };
		93AD94CC2423D89C002BB04F /* EditView.swift */ = {isa = PBXFileReference; lastKnownFileType = sourcecode.swift; path = EditView.swift; sourceTree = "<group>"; };
		93AD94CE2423DA2A002BB04F /* Result.swift */ = {isa = PBXFileReference; lastKnownFileType = sourcecode.swift; path = Result.swift; sourceTree = "<group>"; };
		93AD94D02423DDA1002BB04F /*  MKPointAnnotation-Codable.swift */ = {isa = PBXFileReference; lastKnownFileType = sourcecode.swift; path = " MKPointAnnotation-Codable.swift"; sourceTree = "<group>"; };
		93E627372422B41F008247B8 /* BucketList.app */ = {isa = PBXFileReference; explicitFileType = wrapper.application; includeInIndex = 0; path = BucketList.app; sourceTree = BUILT_PRODUCTS_DIR; };
		93E6273A2422B41F008247B8 /* AppDelegate.swift */ = {isa = PBXFileReference; lastKnownFileType = sourcecode.swift; path = AppDelegate.swift; sourceTree = "<group>"; };
		93E6273C2422B41F008247B8 /* SceneDelegate.swift */ = {isa = PBXFileReference; lastKnownFileType = sourcecode.swift; path = SceneDelegate.swift; sourceTree = "<group>"; };
		93E6273E2422B41F008247B8 /* ContentView.swift */ = {isa = PBXFileReference; lastKnownFileType = sourcecode.swift; path = ContentView.swift; sourceTree = "<group>"; };
		93E627402422B423008247B8 /* Assets.xcassets */ = {isa = PBXFileReference; lastKnownFileType = folder.assetcatalog; path = Assets.xcassets; sourceTree = "<group>"; };
		93E627432422B423008247B8 /* Preview Assets.xcassets */ = {isa = PBXFileReference; lastKnownFileType = folder.assetcatalog; path = "Preview Assets.xcassets"; sourceTree = "<group>"; };
		93E627462422B423008247B8 /* Base */ = {isa = PBXFileReference; lastKnownFileType = file.storyboard; name = Base; path = Base.lproj/LaunchScreen.storyboard; sourceTree = "<group>"; };
		93E627482422B423008247B8 /* Info.plist */ = {isa = PBXFileReference; lastKnownFileType = text.plist.xml; path = Info.plist; sourceTree = "<group>"; };
		93E6274E2422CD74008247B8 /* MapView.swift */ = {isa = PBXFileReference; lastKnownFileType = sourcecode.swift; path = MapView.swift; sourceTree = "<group>"; };
/* End PBXFileReference section */

/* Begin PBXFrameworksBuildPhase section */
		93E627342422B41F008247B8 /* Frameworks */ = {
			isa = PBXFrameworksBuildPhase;
			buildActionMask = 2147483647;
			files = (
			);
			runOnlyForDeploymentPostprocessing = 0;
		};
/* End PBXFrameworksBuildPhase section */

/* Begin PBXGroup section */
		93E6272E2422B41F008247B8 = {
			isa = PBXGroup;
			children = (
				93E627392422B41F008247B8 /* BucketList */,
				93E627382422B41F008247B8 /* Products */,
			);
			sourceTree = "<group>";
		};
		93E627382422B41F008247B8 /* Products */ = {
			isa = PBXGroup;
			children = (
				93E627372422B41F008247B8 /* BucketList.app */,
			);
			name = Products;
			sourceTree = "<group>";
		};
		93E627392422B41F008247B8 /* BucketList */ = {
			isa = PBXGroup;
			children = (
				93E6273A2422B41F008247B8 /* AppDelegate.swift */,
				93E6273C2422B41F008247B8 /* SceneDelegate.swift */,
				93E6273E2422B41F008247B8 /* ContentView.swift */,
				93E627402422B423008247B8 /* Assets.xcassets */,
				93E627452422B423008247B8 /* LaunchScreen.storyboard */,
				93E627482422B423008247B8 /* Info.plist */,
				93E627422422B423008247B8 /* Preview Content */,
				93E6274E2422CD74008247B8 /* MapView.swift */,
				93AD94CA2423D809002BB04F /* MKPointAnnotation-ObservableObject.swift */,
				93AD94CC2423D89C002BB04F /* EditView.swift */,
				93AD94CE2423DA2A002BB04F /* Result.swift */,
				93AD94D02423DDA1002BB04F /*  MKPointAnnotation-Codable.swift */,
			);
			path = BucketList;
			sourceTree = "<group>";
		};
		93E627422422B423008247B8 /* Preview Content */ = {
			isa = PBXGroup;
			children = (
				93E627432422B423008247B8 /* Preview Assets.xcassets */,
			);
			path = "Preview Content";
			sourceTree = "<group>";
		};
/* End PBXGroup section */

/* Begin PBXNativeTarget section */
		93E627362422B41F008247B8 /* BucketList */ = {
			isa = PBXNativeTarget;
			buildConfigurationList = 93E6274B2422B423008247B8 /* Build configuration list for PBXNativeTarget "BucketList" */;
			buildPhases = (
				93E627332422B41F008247B8 /* Sources */,
				93E627342422B41F008247B8 /* Frameworks */,
				93E627352422B41F008247B8 /* Resources */,
			);
			buildRules = (
			);
			dependencies = (
			);
			name = BucketList;
			productName = BucketList;
			productReference = 93E627372422B41F008247B8 /* BucketList.app */;
			productType = "com.apple.product-type.application";
		};
/* End PBXNativeTarget section */

/* Begin PBXProject section */
		93E6272F2422B41F008247B8 /* Project object */ = {
			isa = PBXProject;
			attributes = {
				LastSwiftUpdateCheck = 1130;
				LastUpgradeCheck = 1130;
				ORGANIZATIONNAME = umam;
				TargetAttributes = {
					93E627362422B41F008247B8 = {
						CreatedOnToolsVersion = 11.3.1;
					};
				};
			};
			buildConfigurationList = 93E627322422B41F008247B8 /* Build configuration list for PBXProject "BucketList" */;
			compatibilityVersion = "Xcode 9.3";
			developmentRegion = en;
			hasScannedForEncodings = 0;
			knownRegions = (
				en,
				Base,
			);
			mainGroup = 93E6272E2422B41F008247B8;
			productRefGroup = 93E627382422B41F008247B8 /* Products */;
			projectDirPath = "";
			projectRoot = "";
			targets = (
				93E627362422B41F008247B8 /* BucketList */,
			);
		};
/* End PBXProject section */

/* Begin PBXResourcesBuildPhase section */
		93E627352422B41F008247B8 /* Resources */ = {
			isa = PBXResourcesBuildPhase;
			buildActionMask = 2147483647;
			files = (
				93E627472422B423008247B8 /* LaunchScreen.storyboard in Resources */,
				93E627442422B423008247B8 /* Preview Assets.xcassets in Resources */,
				93E627412422B423008247B8 /* Assets.xcassets in Resources */,
			);
			runOnlyForDeploymentPostprocessing = 0;
		};
/* End PBXResourcesBuildPhase section */

/* Begin PBXSourcesBuildPhase section */
		93E627332422B41F008247B8 /* Sources */ = {
			isa = PBXSourcesBuildPhase;
			buildActionMask = 2147483647;
			files = (
				93E6273B2422B41F008247B8 /* AppDelegate.swift in Sources */,
				93E6274F2422CD74008247B8 /* MapView.swift in Sources */,
				93AD94CD2423D89C002BB04F /* EditView.swift in Sources */,
				93E6273D2422B41F008247B8 /* SceneDelegate.swift in Sources */,
				93AD94CF2423DA2A002BB04F /* Result.swift in Sources */,
				93AD94CB2423D809002BB04F /* MKPointAnnotation-ObservableObject.swift in Sources */,
				93AD94D12423DDA1002BB04F /*  MKPointAnnotation-Codable.swift in Sources */,
				93E6273F2422B41F008247B8 /* ContentView.swift in Sources */,
			);
			runOnlyForDeploymentPostprocessing = 0;
		};
/* End PBXSourcesBuildPhase section */

/* Begin PBXVariantGroup section */
		93E627452422B423008247B8 /* LaunchScreen.storyboard */ = {
			isa = PBXVariantGroup;
			children = (
				93E627462422B423008247B8 /* Base */,
			);
			name = LaunchScreen.storyboard;
			sourceTree = "<group>";
		};
/* End PBXVariantGroup section */

/* Begin XCBuildConfiguration section */
		93E627492422B423008247B8 /* Debug */ = {
			isa = XCBuildConfiguration;
			buildSettings = {
				ALWAYS_SEARCH_USER_PATHS = NO;
				CLANG_ANALYZER_NONNULL = YES;
				CLANG_ANALYZER_NUMBER_OBJECT_CONVERSION = YES_AGGRESSIVE;
				CLANG_CXX_LANGUAGE_STANDARD = "gnu++14";
				CLANG_CXX_LIBRARY = "libc++";
				CLANG_ENABLE_MODULES = YES;
				CLANG_ENABLE_OBJC_ARC = YES;
				CLANG_ENABLE_OBJC_WEAK = YES;
				CLANG_WARN_BLOCK_CAPTURE_AUTORELEASING = YES;
				CLANG_WARN_BOOL_CONVERSION = YES;
				CLANG_WARN_COMMA = YES;
				CLANG_WARN_CONSTANT_CONVERSION = YES;
				CLANG_WARN_DEPRECATED_OBJC_IMPLEMENTATIONS = YES;
				CLANG_WARN_DIRECT_OBJC_ISA_USAGE = YES_ERROR;
				CLANG_WARN_DOCUMENTATION_COMMENTS = YES;
				CLANG_WARN_EMPTY_BODY = YES;
				CLANG_WARN_ENUM_CONVERSION = YES;
				CLANG_WARN_INFINITE_RECURSION = YES;
				CLANG_WARN_INT_CONVERSION = YES;
				CLANG_WARN_NON_LITERAL_NULL_CONVERSION = YES;
				CLANG_WARN_OBJC_IMPLICIT_RETAIN_SELF = YES;
				CLANG_WARN_OBJC_LITERAL_CONVERSION = YES;
				CLANG_WARN_OBJC_ROOT_CLASS = YES_ERROR;
				CLANG_WARN_RANGE_LOOP_ANALYSIS = YES;
				CLANG_WARN_STRICT_PROTOTYPES = YES;
				CLANG_WARN_SUSPICIOUS_MOVE = YES;
				CLANG_WARN_UNGUARDED_AVAILABILITY = YES_AGGRESSIVE;
				CLANG_WARN_UNREACHABLE_CODE = YES;
				CLANG_WARN__DUPLICATE_METHOD_MATCH = YES;
				COPY_PHASE_STRIP = NO;
				DEBUG_INFORMATION_FORMAT = dwarf;
				ENABLE_STRICT_OBJC_MSGSEND = YES;
				ENABLE_TESTABILITY = YES;
				GCC_C_LANGUAGE_STANDARD = gnu11;
				GCC_DYNAMIC_NO_PIC = NO;
				GCC_NO_COMMON_BLOCKS = YES;
				GCC_OPTIMIZATION_LEVEL = 0;
				GCC_PREPROCESSOR_DEFINITIONS = (
					"DEBUG=1",
					"$(inherited)",
				);
				GCC_WARN_64_TO_32_BIT_CONVERSION = YES;
				GCC_WARN_ABOUT_RETURN_TYPE = YES_ERROR;
				GCC_WARN_UNDECLARED_SELECTOR = YES;
				GCC_WARN_UNINITIALIZED_AUTOS = YES_AGGRESSIVE;
				GCC_WARN_UNUSED_FUNCTION = YES;
				GCC_WARN_UNUSED_VARIABLE = YES;
				IPHONEOS_DEPLOYMENT_TARGET = 13.2;
				MTL_ENABLE_DEBUG_INFO = INCLUDE_SOURCE;
				MTL_FAST_MATH = YES;
				ONLY_ACTIVE_ARCH = YES;
				SDKROOT = iphoneos;
				SWIFT_ACTIVE_COMPILATION_CONDITIONS = DEBUG;
				SWIFT_OPTIMIZATION_LEVEL = "-Onone";
			};
			name = Debug;
		};
		93E6274A2422B423008247B8 /* Release */ = {
			isa = XCBuildConfiguration;
			buildSettings = {
				ALWAYS_SEARCH_USER_PATHS = NO;
				CLANG_ANALYZER_NONNULL = YES;
				CLANG_ANALYZER_NUMBER_OBJECT_CONVERSION = YES_AGGRESSIVE;
				CLANG_CXX_LANGUAGE_STANDARD = "gnu++14";
				CLANG_CXX_LIBRARY = "libc++";
				CLANG_ENABLE_MODULES = YES;
				CLANG_ENABLE_OBJC_ARC = YES;
				CLANG_ENABLE_OBJC_WEAK = YES;
				CLANG_WARN_BLOCK_CAPTURE_AUTORELEASING = YES;
				CLANG_WARN_BOOL_CONVERSION = YES;
				CLANG_WARN_COMMA = YES;
				CLANG_WARN_CONSTANT_CONVERSION = YES;
				CLANG_WARN_DEPRECATED_OBJC_IMPLEMENTATIONS = YES;
				CLANG_WARN_DIRECT_OBJC_ISA_USAGE = YES_ERROR;
				CLANG_WARN_DOCUMENTATION_COMMENTS = YES;
				CLANG_WARN_EMPTY_BODY = YES;
				CLANG_WARN_ENUM_CONVERSION = YES;
				CLANG_WARN_INFINITE_RECURSION = YES;
				CLANG_WARN_INT_CONVERSION = YES;
				CLANG_WARN_NON_LITERAL_NULL_CONVERSION = YES;
				CLANG_WARN_OBJC_IMPLICIT_RETAIN_SELF = YES;
				CLANG_WARN_OBJC_LITERAL_CONVERSION = YES;
				CLANG_WARN_OBJC_ROOT_CLASS = YES_ERROR;
				CLANG_WARN_RANGE_LOOP_ANALYSIS = YES;
				CLANG_WARN_STRICT_PROTOTYPES = YES;
				CLANG_WARN_SUSPICIOUS_MOVE = YES;
				CLANG_WARN_UNGUARDED_AVAILABILITY = YES_AGGRESSIVE;
				CLANG_WARN_UNREACHABLE_CODE = YES;
				CLANG_WARN__DUPLICATE_METHOD_MATCH = YES;
				COPY_PHASE_STRIP = NO;
				DEBUG_INFORMATION_FORMAT = "dwarf-with-dsym";
				ENABLE_NS_ASSERTIONS = NO;
				ENABLE_STRICT_OBJC_MSGSEND = YES;
				GCC_C_LANGUAGE_STANDARD = gnu11;
				GCC_NO_COMMON_BLOCKS = YES;
				GCC_WARN_64_TO_32_BIT_CONVERSION = YES;
				GCC_WARN_ABOUT_RETURN_TYPE = YES_ERROR;
				GCC_WARN_UNDECLARED_SELECTOR = YES;
				GCC_WARN_UNINITIALIZED_AUTOS = YES_AGGRESSIVE;
				GCC_WARN_UNUSED_FUNCTION = YES;
				GCC_WARN_UNUSED_VARIABLE = YES;
				IPHONEOS_DEPLOYMENT_TARGET = 13.2;
				MTL_ENABLE_DEBUG_INFO = NO;
				MTL_FAST_MATH = YES;
				SDKROOT = iphoneos;
				SWIFT_COMPILATION_MODE = wholemodule;
				SWIFT_OPTIMIZATION_LEVEL = "-O";
				VALIDATE_PRODUCT = YES;
			};
			name = Release;
		};
		93E6274C2422B423008247B8 /* Debug */ = {
			isa = XCBuildConfiguration;
			buildSettings = {
				ASSETCATALOG_COMPILER_APPICON_NAME = AppIcon;
				CODE_SIGN_STYLE = Automatic;
				DEVELOPMENT_ASSET_PATHS = "\"BucketList/Preview Content\"";
				ENABLE_PREVIEWS = YES;
				INFOPLIST_FILE = BucketList/Info.plist;
				LD_RUNPATH_SEARCH_PATHS = (
					"$(inherited)",
					"@executable_path/Frameworks",
				);
				PRODUCT_BUNDLE_IDENTIFIER = dev.umam.BucketList;
				PRODUCT_NAME = "$(TARGET_NAME)";
				SWIFT_VERSION = 5.0;
				TARGETED_DEVICE_FAMILY = "1,2";
			};
			name = Debug;
		};
		93E6274D2422B423008247B8 /* Release */ = {
			isa = XCBuildConfiguration;
			buildSettings = {
				ASSETCATALOG_COMPILER_APPICON_NAME = AppIcon;
				CODE_SIGN_STYLE = Automatic;
				DEVELOPMENT_ASSET_PATHS = "\"BucketList/Preview Content\"";
				ENABLE_PREVIEWS = YES;
				INFOPLIST_FILE = BucketList/Info.plist;
				LD_RUNPATH_SEARCH_PATHS = (
					"$(inherited)",
					"@executable_path/Frameworks",
				);
				PRODUCT_BUNDLE_IDENTIFIER = dev.umam.BucketList;
				PRODUCT_NAME = "$(TARGET_NAME)";
				SWIFT_VERSION = 5.0;
				TARGETED_DEVICE_FAMILY = "1,2";
			};
			name = Release;
		};
/* End XCBuildConfiguration section */

/* Begin XCConfigurationList section */
		93E627322422B41F008247B8 /* Build configuration list for PBXProject "BucketList" */ = {
			isa = XCConfigurationList;
			buildConfigurations = (
				93E627492422B423008247B8 /* Debug */,
				93E6274A2422B423008247B8 /* Release */,
			);
			defaultConfigurationIsVisible = 0;
			defaultConfigurationName = Release;
		};
		93E6274B2422B423008247B8 /* Build configuration list for PBXNativeTarget "BucketList" */ = {
			isa = XCConfigurationList;
			buildConfigurations = (
				93E6274C2422B423008247B8 /* Debug */,
				93E6274D2422B423008247B8 /* Release */,
			);
			defaultConfigurationIsVisible = 0;
			defaultConfigurationName = Release;
		};
/* End XCConfigurationList section */
	};
	rootObject = 93E6272F2422B41F008247B8 /* Project object */;
}
